
Microsoft Visual Studio Solution File, Format Version 12.00
# Visual Studio Version 17
VisualStudioVersion = 17.8.34309.116
MinimumVisualStudioVersion = 10.0.40219.1
Project("{9A19103F-16F7-4668-BE54-9A1E7A4F7556}") = "ConsoleConfigurationLibrary", "ConsoleConfigurationLibrary\ConsoleConfigurationLibrary.csproj", "{57E71B71-41FE-4905-A102-FA2969ED97E5}"
EndProject
Project("{9A19103F-16F7-4668-BE54-9A1E7A4F7556}") = "ConsoleConfigurationApp", "ConsoleConfigurationApp\ConsoleConfigurationApp.csproj", "{16E60B3E-3D6A-4DDD-A935-2B834D85B379}"
EndProject
Project("{2150E333-8FDC-42A3-9474-1A3956D46DE8}") = "Solution Items", "Solution Items", "{7BA15798-FCE1-4259-8346-9C8E053B2AA9}"
	ProjectSection(SolutionItems) = preProject
		readme.md = readme.md
	EndProjectSection
EndProject
Project("{9A19103F-16F7-4668-BE54-9A1E7A4F7556}") = "EntityFrameworkCoreSampleApp", "EntityFrameworkCoreSampleApp\EntityFrameworkCoreSampleApp.csproj", "{4FBC9D5F-EB2F-4BAE-B881-795804184794}"
EndProject
Project("{2150E333-8FDC-42A3-9474-1A3956D46DE8}") = "Code samples", "Code samples", "{E241D7AF-10D3-49A8-BC5D-5FF27841E338}"
EndProject
Project("{9A19103F-16F7-4668-BE54-9A1E7A4F7556}") = "EnumHasConversionDapper1", "EnumHasConversionDapper1\EnumHasConversionDapper1.csproj", "{C370BB1C-7AE1-40A3-A034-1AD336614441}"
EndProject
Project("{9A19103F-16F7-4668-BE54-9A1E7A4F7556}") = "ReadSettingsApp", "ReadSettingsApp\ReadSettingsApp.csproj", "{71B8E20C-B4AA-4603-8E03-FA172F3E7554}"
EndProject
Project("{9A19103F-16F7-4668-BE54-9A1E7A4F7556}") = "ReadSettings_XML_App", "ReadSettings_XML_App\ReadSettings_XML_App.csproj", "{25678915-071C-4FC2-B31F-65C554D4AD63}"
EndProject
Project("{FAE04EC0-301F-11D3-BF4B-00C04F79EFBC}") = "ConsoleApp1", "ConsoleApp1\ConsoleApp1.csproj", "{BE6E9723-FAD8-43CC-A63C-5D4EFAC51EA8}"
EndProject
Global
	GlobalSection(SolutionConfigurationPlatforms) = preSolution
		Debug|Any CPU = Debug|Any CPU
		Release|Any CPU = Release|Any CPU
	EndGlobalSection
	GlobalSection(ProjectConfigurationPlatforms) = postSolution
		{57E71B71-41FE-4905-A102-FA2969ED97E5}.Debug|Any CPU.ActiveCfg = Debug|Any CPU
		{57E71B71-41FE-4905-A102-FA2969ED97E5}.Debug|Any CPU.Build.0 = Debug|Any CPU
		{57E71B71-41FE-4905-A102-FA2969ED97E5}.Release|Any CPU.ActiveCfg = Release|Any CPU
		{57E71B71-41FE-4905-A102-FA2969ED97E5}.Release|Any CPU.Build.0 = Release|Any CPU
		{16E60B3E-3D6A-4DDD-A935-2B834D85B379}.Debug|Any CPU.ActiveCfg = Debug|Any CPU
		{16E60B3E-3D6A-4DDD-A935-2B834D85B379}.Debug|Any CPU.Build.0 = Debug|Any CPU
		{16E60B3E-3D6A-4DDD-A935-2B834D85B379}.Release|Any CPU.ActiveCfg = Release|Any CPU
		{16E60B3E-3D6A-4DDD-A935-2B834D85B379}.Release|Any CPU.Build.0 = Release|Any CPU
		{4FBC9D5F-EB2F-4BAE-B881-795804184794}.Debug|Any CPU.ActiveCfg = Debug|Any CPU
		{4FBC9D5F-EB2F-4BAE-B881-795804184794}.Debug|Any CPU.Build.0 = Debug|Any CPU
		{4FBC9D5F-EB2F-4BAE-B881-795804184794}.Release|Any CPU.ActiveCfg = Release|Any CPU
		{4FBC9D5F-EB2F-4BAE-B881-795804184794}.Release|Any CPU.Build.0 = Release|Any CPU
		{C370BB1C-7AE1-40A3-A034-1AD336614441}.Debug|Any CPU.ActiveCfg = Debug|Any CPU
		{C370BB1C-7AE1-40A3-A034-1AD336614441}.Debug|Any CPU.Build.0 = Debug|Any CPU
		{C370BB1C-7AE1-40A3-A034-1AD336614441}.Release|Any CPU.ActiveCfg = Release|Any CPU
		{C370BB1C-7AE1-40A3-A034-1AD336614441}.Release|Any CPU.Build.0 = Release|Any CPU
		{71B8E20C-B4AA-4603-8E03-FA172F3E7554}.Debug|Any CPU.ActiveCfg = Debug|Any CPU
		{71B8E20C-B4AA-4603-8E03-FA172F3E7554}.Debug|Any CPU.Build.0 = Debug|Any CPU
		{71B8E20C-B4AA-4603-8E03-FA172F3E7554}.Release|Any CPU.ActiveCfg = Release|Any CPU
		{71B8E20C-B4AA-4603-8E03-FA172F3E7554}.Release|Any CPU.Build.0 = Release|Any CPU
		{25678915-071C-4FC2-B31F-65C554D4AD63}.Debug|Any CPU.ActiveCfg = Debug|Any CPU
		{25678915-071C-4FC2-B31F-65C554D4AD63}.Debug|Any CPU.Build.0 = Debug|Any CPU
		{25678915-071C-4FC2-B31F-65C554D4AD63}.Release|Any CPU.ActiveCfg = Release|Any CPU
		{25678915-071C-4FC2-B31F-65C554D4AD63}.Release|Any CPU.Build.0 = Release|Any CPU
		{BE6E9723-FAD8-43CC-A63C-5D4EFAC51EA8}.Debug|Any CPU.ActiveCfg = Debug|Any CPU
		{BE6E9723-FAD8-43CC-A63C-5D4EFAC51EA8}.Debug|Any CPU.Build.0 = Debug|Any CPU
		{BE6E9723-FAD8-43CC-A63C-5D4EFAC51EA8}.Release|Any CPU.ActiveCfg = Release|Any CPU
		{BE6E9723-FAD8-43CC-A63C-5D4EFAC51EA8}.Release|Any CPU.Build.0 = Release|Any CPU
	EndGlobalSection
	GlobalSection(SolutionProperties) = preSolution
		HideSolutionNode = FALSE
	EndGlobalSection
	GlobalSection(NestedProjects) = preSolution
		{16E60B3E-3D6A-4DDD-A935-2B834D85B379} = {E241D7AF-10D3-49A8-BC5D-5FF27841E338}
		{4FBC9D5F-EB2F-4BAE-B881-795804184794} = {E241D7AF-10D3-49A8-BC5D-5FF27841E338}
		{C370BB1C-7AE1-40A3-A034-1AD336614441} = {E241D7AF-10D3-49A8-BC5D-5FF27841E338}
		{71B8E20C-B4AA-4603-8E03-FA172F3E7554} = {E241D7AF-10D3-49A8-BC5D-5FF27841E338}
		{25678915-071C-4FC2-B31F-65C554D4AD63} = {E241D7AF-10D3-49A8-BC5D-5FF27841E338}
		{BE6E9723-FAD8-43CC-A63C-5D4EFAC51EA8} = {E241D7AF-10D3-49A8-BC5D-5FF27841E338}
	EndGlobalSection
	GlobalSection(ExtensibilityGlobals) = postSolution
		SolutionGuid = {2438319A-1099-46A2-8345-396ACFB4B2B4}
	EndGlobalSection
EndGlobal
